
Microsoft Visual Studio Solution File, Format Version 12.00
# Visual Studio Version 17
VisualStudioVersion = 17.14.36414.22 d17.14
MinimumVisualStudioVersion = 10.0.40219.1
Project("{FAE04EC0-301F-11D3-BF4B-00C04F79EFBC}") = "Wk5GroupEx9", "Wk5GroupEx9\Wk5GroupEx9.csproj", "{A9DADB33-C379-419E-8A10-4490ECD4FFAB}"
EndProject
Global
	GlobalSection(SolutionConfigurationPlatforms) = preSolution
		Debug|Any CPU = Debug|Any CPU
		Release|Any CPU = Release|Any CPU
	EndGlobalSection
	GlobalSection(ProjectConfigurationPlatforms) = postSolution
		{A9DADB33-C379-419E-8A10-4490ECD4FFAB}.Debug|Any CPU.ActiveCfg = Debug|Any CPU
		{A9DADB33-C379-419E-8A10-4490ECD4FFAB}.Debug|Any CPU.Build.0 = Debug|Any CPU
		{A9DADB33-C379-419E-8A10-4490ECD4FFAB}.Release|Any CPU.ActiveCfg = Release|Any CPU
		{A9DADB33-C379-419E-8A10-4490ECD4FFAB}.Release|Any CPU.Build.0 = Release|Any CPU
	EndGlobalSection
	GlobalSection(SolutionProperties) = preSolution
		HideSolutionNode = FALSE
	EndGlobalSection
	GlobalSection(ExtensibilityGlobals) = postSolution
		SolutionGuid = {2B973EB5-2D52-49A4-9A53-B365C5568EFA}
	EndGlobalSection
EndGlobal
