
Microsoft Visual Studio Solution File, Format Version 12.00
# Visual Studio Version 17
VisualStudioVersion = 17.14.36414.22 d17.14
MinimumVisualStudioVersion = 10.0.40219.1
Project("{FAE04EC0-301F-11D3-BF4B-00C04F79EFBC}") = "Wk5As5Ex6", "Wk5As5Ex6\Wk5As5Ex6.csproj", "{79F5B423-4236-45B2-B942-92C07C45207D}"
EndProject
Global
	GlobalSection(SolutionConfigurationPlatforms) = preSolution
		Debug|Any CPU = Debug|Any CPU
		Release|Any CPU = Release|Any CPU
	EndGlobalSection
	GlobalSection(ProjectConfigurationPlatforms) = postSolution
		{79F5B423-4236-45B2-B942-92C07C45207D}.Debug|Any CPU.ActiveCfg = Debug|Any CPU
		{79F5B423-4236-45B2-B942-92C07C45207D}.Debug|Any CPU.Build.0 = Debug|Any CPU
		{79F5B423-4236-45B2-B942-92C07C45207D}.Release|Any CPU.ActiveCfg = Release|Any CPU
		{79F5B423-4236-45B2-B942-92C07C45207D}.Release|Any CPU.Build.0 = Release|Any CPU
	EndGlobalSection
	GlobalSection(SolutionProperties) = preSolution
		HideSolutionNode = FALSE
	EndGlobalSection
	GlobalSection(ExtensibilityGlobals) = postSolution
		SolutionGuid = {483D0C88-8214-41D7-8B3C-DD26E4245AAC}
	EndGlobalSection
EndGlobal
