
Microsoft Visual Studio Solution File, Format Version 12.00
# Visual Studio Version 17
VisualStudioVersion = 17.14.36414.22 d17.14
MinimumVisualStudioVersion = 10.0.40219.1
Project("{FAE04EC0-301F-11D3-BF4B-00C04F79EFBC}") = "MyfirstProgram", "MyfirstProgram\MyfirstProgram.csproj", "{ADCBC501-0FF0-4040-A6DB-E99E1FD376B8}"
EndProject
Global
	GlobalSection(SolutionConfigurationPlatforms) = preSolution
		Debug|Any CPU = Debug|Any CPU
		Release|Any CPU = Release|Any CPU
	EndGlobalSection
	GlobalSection(ProjectConfigurationPlatforms) = postSolution
		{ADCBC501-0FF0-4040-A6DB-E99E1FD376B8}.Debug|Any CPU.ActiveCfg = Debug|Any CPU
		{ADCBC501-0FF0-4040-A6DB-E99E1FD376B8}.Debug|Any CPU.Build.0 = Debug|Any CPU
		{ADCBC501-0FF0-4040-A6DB-E99E1FD376B8}.Release|Any CPU.ActiveCfg = Release|Any CPU
		{ADCBC501-0FF0-4040-A6DB-E99E1FD376B8}.Release|Any CPU.Build.0 = Release|Any CPU
	EndGlobalSection
	GlobalSection(SolutionProperties) = preSolution
		HideSolutionNode = FALSE
	EndGlobalSection
	GlobalSection(ExtensibilityGlobals) = postSolution
		SolutionGuid = {66B56A45-2C5D-4373-B577-63329A2A8A1D}
	EndGlobalSection
EndGlobal
