
Microsoft Visual Studio Solution File, Format Version 12.00
# Visual Studio Version 17
VisualStudioVersion = 17.14.36414.22 d17.14
MinimumVisualStudioVersion = 10.0.40219.1
Project("{FAE04EC0-301F-11D3-BF4B-00C04F79EFBC}") = "GroupExcerciseWk8Ex3", "GroupExcerciseWk8Ex3\GroupExcerciseWk8Ex3.csproj", "{8370C637-BA65-4D33-B9D7-43EAEE3542CA}"
EndProject
Global
	GlobalSection(SolutionConfigurationPlatforms) = preSolution
		Debug|Any CPU = Debug|Any CPU
		Release|Any CPU = Release|Any CPU
	EndGlobalSection
	GlobalSection(ProjectConfigurationPlatforms) = postSolution
		{8370C637-BA65-4D33-B9D7-43EAEE3542CA}.Debug|Any CPU.ActiveCfg = Debug|Any CPU
		{8370C637-BA65-4D33-B9D7-43EAEE3542CA}.Debug|Any CPU.Build.0 = Debug|Any CPU
		{8370C637-BA65-4D33-B9D7-43EAEE3542CA}.Release|Any CPU.ActiveCfg = Release|Any CPU
		{8370C637-BA65-4D33-B9D7-43EAEE3542CA}.Release|Any CPU.Build.0 = Release|Any CPU
	EndGlobalSection
	GlobalSection(SolutionProperties) = preSolution
		HideSolutionNode = FALSE
	EndGlobalSection
	GlobalSection(ExtensibilityGlobals) = postSolution
		SolutionGuid = {C21D50D5-D2AF-4465-A3EC-1C1AAAB9DB3F}
	EndGlobalSection
EndGlobal
